%{
  "conv_case": {:hex, :conv_case, "0.2.2", "5a98b74ab8f7ddbad670e5c7bb39ff280e60699aa3b25c7062ceccf48137433c", [:mix], [], "hexpm", "561c550ab6d55b2a4d4c14449e58c9957798613eb26ea182e14a962965377bca"},
  "elixpath": {:hex, :elixpath, "0.1.0", "f860e931db7bda6856dc68145694ca429643cc068ef30d7ff6b4096d4357963e", [:mix], [{:nimble_parsec, "~> 0.5", [hex: :nimble_parsec, repo: "hexpm", optional: false]}], "hexpm", "30ce06079b41f1f5216ea2cd11605cfe4c82239628555cb3fde9f10055a6eb67"},
  "jason": {:hex, :jason, "1.2.2", "ba43e3f2709fd1aa1dce90aaabfd039d000469c05c56f0b8e31978e03fa39052", [:mix], [{:decimal, "~> 1.0 or ~> 2.0", [hex: :decimal, repo: "hexpm", optional: true]}], "hexpm", "18a228f5f0058ee183f29f9eae0805c6e59d61c3b006760668d8d18ff0d12179"},
  "json_xema": {:hex, :json_xema, "0.6.0", "e76a0138030b13369151691b1ff0f6f3eabc9926f1e734356c0305302a5b7a65", [:mix], [{:conv_case, "~> 0.2", [hex: :conv_case, repo: "hexpm", optional: false]}, {:xema, "~> 0.13", [hex: :xema, repo: "hexpm", optional: false]}], "hexpm", "7b80b3196f8bdbe4a09199a26a448a00a9ac01c86786dd3817688b2b6334f0c7"},
  "nimble_parsec": {:hex, :nimble_parsec, "0.6.0", "32111b3bf39137144abd7ba1cce0914533b2d16ef35e8abc5ec8be6122944263", [:mix], [], "hexpm", "27eac315a94909d4dc68bc07a4a83e06c8379237c5ea528a9acff4ca1c873c52"},
  "states_language": {:hex, :states_language, "0.3.0", "63b75ef8174a243c8b5192807f880be8510d383b680017d6341d6b7df40b62b1", [:mix], [{:elixpath, "~> 0.1.0", [hex: :elixpath, repo: "hexpm", optional: false]}, {:jason, "~> 1.2", [hex: :jason, repo: "hexpm", optional: false]}, {:json_xema, "~> 0.6.0", [hex: :json_xema, repo: "hexpm", optional: false]}, {:telemetry, "~> 1.0", [hex: :telemetry, repo: "hexpm", optional: false]}], "hexpm", "52c0e075d194b4a2f13849ba107a07f4881a70dc20700fce28553d694b0f3e03"},
  "telemetry": {:hex, :telemetry, "1.0.0", "0f453a102cdf13d506b7c0ab158324c337c41f1cc7548f0bc0e130bbf0ae9452", [:rebar3], [], "hexpm", "73bc09fa59b4a0284efb4624335583c528e07ec9ae76aca96ea0673850aec57a"},
  "xema": {:hex, :xema, "0.14.1", "d97be26677ea1ed5dceda9f5bc332da35100c8ae00267bd126dc2ddfa782ba4d", [:mix], [{:conv_case, "~> 0.2.2", [hex: :conv_case, repo: "hexpm", optional: false]}, {:decimal, "~> 1.0 or ~> 2.0", [hex: :decimal, repo: "hexpm", optional: true]}], "hexpm", "011d03cd691cddbbea7b059d5ebe56937efdbc5051907de14810e405792cc84a"},
}
